<?xml version="1.0" encoding="utf-8"?>
<Project ToolsVersion="4.0" xmlns="http://schemas.microsoft.com/developer/msbuild/2003">
  <ItemGroup>
    <Filter Include="Source Files">
      <UniqueIdentifier>{80a19b13-29ac-460e-a8db-bf06823867fa}</UniqueIdentifier>
    </Filter>
    <Filter Include="Header Files">
      <UniqueIdentifier>{c77b4667-e90a-441d-81ac-4c5ccfbf1a14}</UniqueIdentifier>
    </Filter>
  </ItemGroup>
  <ItemGroup>
    <ClCompile Include="contrib\minizip\ioapi.c">
      <Filter>Source Files</Filter>
    </ClCompile>
    <ClCompile Include="contrib\minizip\unzip.c">
      <Filter>Source Files</Filter>
    </ClCompile>
    <ClCompile Include="contrib\minizip\zip.c">
      <Filter>Source Files</Filter>
    </ClCompile>
    <ClCompile Include="contrib\minizip\mztools.c">
      <Filter>Source Files</Filter>
    </ClCompile>
  </ItemGroup>
  <ItemGroup>
    <ClInclude Include="contrib\minizip\ioapi.h">
      <Filter>Header Files</Filter>
    </ClInclude>
    <ClInclude Include="contrib\minizip\iowin32.h">
      <Filter>Header Files</Filter>
    </ClInclude>
    <ClInclude Include="contrib\minizip\unzip.h">
      <Filter>Header Files</Filter>
    </ClInclude>
    <ClInclude Include="contrib\minizip\mztools.h">
      <Filter>Header Files</Filter>
    </ClInclude>
  </ItemGroup>
</Project>